PODS:
  - Flutter (1.0.0)
  - flutter_tapjoy (1.0.3):
    - Flutter
    - TapjoySDK
  - TapjoySDK (12.8.1)

DEPENDENCIES:
  - Flutter (from `Flutter`)
  - flutter_tapjoy (from `.symlinks/plugins/flutter_tapjoy/ios`)

SPEC REPOS:
  trunk:
    - TapjoySDK

EXTERNAL SOURCES:
  Flutter:
    :path: Flutter
  flutter_tapjoy:
    :path: ".symlinks/plugins/flutter_tapjoy/ios"

SPEC CHECKSUMS:
  Flutter: 50d75fe2f02b26cc09d224853bb45737f8b3214a
  flutter_tapjoy: 31c2af1cb7a64d6749998239b6eb03d47ef54f21
  TapjoySDK: 6d344dfb0cd205014c9286580d5c97857b170402

PODFILE CHECKSUM: aafe91acc616949ddb318b77800a7f51bffa2a4c

COCOAPODS: 1.11.2
